// !$*UTF8*$!
{
	archiveVersion = 1;
	classes = {
	};
	objectVersion = 46;
	objects = {

/* Begin PBXBuildFile section */
		312EB4F61C6F9C5700426543 /* MessageHelper.swift in Sources */ = {isa = PBXBuildFile; fileRef = 312EB4F51C6F9C5700426543 /* MessageHelper.swift */; };
		312EB4FA1C70D6F300426543 /* SchoolViewModel.swift in Sources */ = {isa = PBXBuildFile; fileRef = 312EB4F91C70D6F300426543 /* SchoolViewModel.swift */; };
		312EB4FC1C72654C00426543 /* SchoolVC.swift in Sources */ = {isa = PBXBuildFile; fileRef = 312EB4FB1C72654C00426543 /* SchoolVC.swift */; };
		312EB5001C7376FB00426543 /* SchoolVC-Data.swift in Sources */ = {isa = PBXBuildFile; fileRef = 312EB4FF1C7376FB00426543 /* SchoolVC-Data.swift */; };
		312EB5021C73770500426543 /* SchoolVC-Table.swift in Sources */ = {isa = PBXBuildFile; fileRef = 312EB5011C73770500426543 /* SchoolVC-Table.swift */; };
		312EB5041C7386D600426543 /* QueryResponse.swift in Sources */ = {isa = PBXBuildFile; fileRef = 312EB5031C7386D600426543 /* QueryResponse.swift */; };
		312EB5061C7386EA00426543 /* QueryResult.swift in Sources */ = {isa = PBXBuildFile; fileRef = 312EB5051C7386EA00426543 /* QueryResult.swift */; };
		312EB5081C74CC9700426543 /* ProfileDataCellNode.swift in Sources */ = {isa = PBXBuildFile; fileRef = 312EB5071C74CC9700426543 /* ProfileDataCellNode.swift */; };
		312EB50F1C74EA7E00426543 /* FieldsTransforms.swift in Sources */ = {isa = PBXBuildFile; fileRef = 312EB50E1C74EA7E00426543 /* FieldsTransforms.swift */; };
		312EB5111C75178900426543 /* JYTextCellNode.swift in Sources */ = {isa = PBXBuildFile; fileRef = 312EB5101C75178900426543 /* JYTextCellNode.swift */; };
		312EB5171C775F9900426543 /* SearchPassbackProtocol.swift in Sources */ = {isa = PBXBuildFile; fileRef = 312EB5161C775F9900426543 /* SearchPassbackProtocol.swift */; };
		312EB5191C77655700426543 /* SaveCollegeActivity.swift in Sources */ = {isa = PBXBuildFile; fileRef = 312EB5181C77655700426543 /* SaveCollegeActivity.swift */; };
		312EB5241C7BBAB100426543 /* NetConnectedness.swift in Sources */ = {isa = PBXBuildFile; fileRef = 312EB5231C7BBAB100426543 /* NetConnectedness.swift */; };
		3191A7A31C69771D00165E34 /* AppDelegate.swift in Sources */ = {isa = PBXBuildFile; fileRef = 3191A7A21C69771D00165E34 /* AppDelegate.swift */; };
		3191A7AA1C69771D00165E34 /* Assets.xcassets in Resources */ = {isa = PBXBuildFile; fileRef = 3191A7A91C69771D00165E34 /* Assets.xcassets */; };
		3191A7AD1C69771D00165E34 /* LaunchScreen.storyboard in Resources */ = {isa = PBXBuildFile; fileRef = 3191A7AB1C69771D00165E34 /* LaunchScreen.storyboard */; };
		3191A7B81C69771D00165E34 /* schoolFinderTests.swift in Sources */ = {isa = PBXBuildFile; fileRef = 3191A7B71C69771D00165E34 /* schoolFinderTests.swift */; };
		3191A7C31C69771D00165E34 /* schoolFinderUITests.swift in Sources */ = {isa = PBXBuildFile; fileRef = 3191A7C21C69771D00165E34 /* schoolFinderUITests.swift */; };
		3191A7D11C69775700165E34 /* Podfile in Resources */ = {isa = PBXBuildFile; fileRef = 3191A7D01C69775700165E34 /* Podfile */; };
		3191A7D31C69790600165E34 /* SavedVC.swift in Sources */ = {isa = PBXBuildFile; fileRef = 3191A7D21C69790600165E34 /* SavedVC.swift */; };
		3191A7D51C69796D00165E34 /* BrowseVC.swift in Sources */ = {isa = PBXBuildFile; fileRef = 3191A7D41C69796D00165E34 /* BrowseVC.swift */; };
		3191A7D71C697E0100165E34 /* DataManager.swift in Sources */ = {isa = PBXBuildFile; fileRef = 3191A7D61C697E0100165E34 /* DataManager.swift */; };
		3191A7DB1C697FD700165E34 /* .gitignore in Resources */ = {isa = PBXBuildFile; fileRef = 3191A7DA1C697FD700165E34 /* .gitignore */; };
		3191A7DF1C6980B100165E34 /* DataResponse.swift in Sources */ = {isa = PBXBuildFile; fileRef = 3191A7DE1C6980B100165E34 /* DataResponse.swift */; };
		3191A7EA1C6D4E9100165E34 /* DataFields.swift in Sources */ = {isa = PBXBuildFile; fileRef = 3191A7E91C6D4E9100165E34 /* DataFields.swift */; };
		3191A7EC1C6D569D00165E34 /* Error.swift in Sources */ = {isa = PBXBuildFile; fileRef = 3191A7EB1C6D569D00165E34 /* Error.swift */; };
		3191A7EE1C6E8D2F00165E34 /* Result.swift in Sources */ = {isa = PBXBuildFile; fileRef = 3191A7ED1C6E8D2F00165E34 /* Result.swift */; };
		3191A7F01C6E8F7100165E34 /* SearchVC.swift in Sources */ = {isa = PBXBuildFile; fileRef = 3191A7EF1C6E8F7100165E34 /* SearchVC.swift */; };
		3191A7F21C6E910800165E34 /* SettingsVC.swift in Sources */ = {isa = PBXBuildFile; fileRef = 3191A7F11C6E910800165E34 /* SettingsVC.swift */; };
		3191A7F41C6E94A700165E34 /* SearchMenuVC.swift in Sources */ = {isa = PBXBuildFile; fileRef = 3191A7F31C6E94A700165E34 /* SearchMenuVC.swift */; };
		3191A7F71C6E9A1C00165E34 /* SchoolNode.swift in Sources */ = {isa = PBXBuildFile; fileRef = 3191A7F61C6E9A1C00165E34 /* SchoolNode.swift */; };
		3191A7F91C6E9C6C00165E34 /* OptionsSettings.swift in Sources */ = {isa = PBXBuildFile; fileRef = 3191A7F81C6E9C6C00165E34 /* OptionsSettings.swift */; };
		3191A7FB1C6ECB5B00165E34 /* QueryVC.swift in Sources */ = {isa = PBXBuildFile; fileRef = 3191A7FA1C6ECB5B00165E34 /* QueryVC.swift */; };
		D32828A38C6AEEF2955884FE /* Pods_schoolFinder.framework in Frameworks */ = {isa = PBXBuildFile; fileRef = 8FAB20622ED7B22A7F5583E4 /* Pods_schoolFinder.framework */; };
/* End PBXBuildFile section */

/* Begin PBXContainerItemProxy section */
		3191A7B41C69771D00165E34 /* PBXContainerItemProxy */ = {
			isa = PBXContainerItemProxy;
			containerPortal = 3191A7971C69771D00165E34 /* Project object */;
			proxyType = 1;
			remoteGlobalIDString = 3191A79E1C69771D00165E34;
			remoteInfo = schoolFinder;
		};
		3191A7BF1C69771D00165E34 /* PBXContainerItemProxy */ = {
			isa = PBXContainerItemProxy;
			containerPortal = 3191A7971C69771D00165E34 /* Project object */;
			proxyType = 1;
			remoteGlobalIDString = 3191A79E1C69771D00165E34;
			remoteInfo = schoolFinder;
		};
/* End PBXContainerItemProxy section */

/* Begin PBXFileReference section */
		0EED117D35B1A3DCC19EAC8F /* Pods-schoolFinder.debug.xcconfig */ = {isa = PBXFileReference; includeInIndex = 1; lastKnownFileType = text.xcconfig; name = "Pods-schoolFinder.debug.xcconfig"; path = "Pods/Target Support Files/Pods-schoolFinder/Pods-schoolFinder.debug.xcconfig"; sourceTree = "<group>"; };
		312EB4F51C6F9C5700426543 /* MessageHelper.swift */ = {isa = PBXFileReference; fileEncoding = 4; lastKnownFileType = sourcecode.swift; path = MessageHelper.swift; sourceTree = "<group>"; };
		312EB4F91C70D6F300426543 /* SchoolViewModel.swift */ = {isa = PBXFileReference; fileEncoding = 4; lastKnownFileType = sourcecode.swift; path = SchoolViewModel.swift; sourceTree = "<group>"; };
		312EB4FB1C72654C00426543 /* SchoolVC.swift */ = {isa = PBXFileReference; fileEncoding = 4; lastKnownFileType = sourcecode.swift; path = SchoolVC.swift; sourceTree = "<group>"; };
		312EB4FF1C7376FB00426543 /* SchoolVC-Data.swift */ = {isa = PBXFileReference; fileEncoding = 4; lastKnownFileType = sourcecode.swift; path = "SchoolVC-Data.swift"; sourceTree = "<group>"; };
		312EB5011C73770500426543 /* SchoolVC-Table.swift */ = {isa = PBXFileReference; fileEncoding = 4; lastKnownFileType = sourcecode.swift; path = "SchoolVC-Table.swift"; sourceTree = "<group>"; };
		312EB5031C7386D600426543 /* QueryResponse.swift */ = {isa = PBXFileReference; fileEncoding = 4; lastKnownFileType = sourcecode.swift; path = QueryResponse.swift; sourceTree = "<group>"; };
		312EB5051C7386EA00426543 /* QueryResult.swift */ = {isa = PBXFileReference; fileEncoding = 4; lastKnownFileType = sourcecode.swift; path = QueryResult.swift; sourceTree = "<group>"; };
		312EB5071C74CC9700426543 /* ProfileDataCellNode.swift */ = {isa = PBXFileReference; fileEncoding = 4; lastKnownFileType = sourcecode.swift; path = ProfileDataCellNode.swift; sourceTree = "<group>"; };
		312EB50E1C74EA7E00426543 /* FieldsTransforms.swift */ = {isa = PBXFileReference; fileEncoding = 4; lastKnownFileType = sourcecode.swift; path = FieldsTransforms.swift; sourceTree = "<group>"; };
		312EB5101C75178900426543 /* JYTextCellNode.swift */ = {isa = PBXFileReference; fileEncoding = 4; lastKnownFileType = sourcecode.swift; path = JYTextCellNode.swift; sourceTree = "<group>"; };
		312EB5161C775F9900426543 /* SearchPassbackProtocol.swift */ = {isa = PBXFileReference; fileEncoding = 4; lastKnownFileType = sourcecode.swift; path = SearchPassbackProtocol.swift; sourceTree = "<group>"; };
		312EB5181C77655700426543 /* SaveCollegeActivity.swift */ = {isa = PBXFileReference; fileEncoding = 4; lastKnownFileType = sourcecode.swift; path = SaveCollegeActivity.swift; sourceTree = "<group>"; };
		312EB5231C7BBAB100426543 /* NetConnectedness.swift */ = {isa = PBXFileReference; fileEncoding = 4; lastKnownFileType = sourcecode.swift; path = NetConnectedness.swift; sourceTree = "<group>"; };
		3191A79F1C69771D00165E34 /* schoolFinder.app */ = {isa = PBXFileReference; explicitFileType = wrapper.application; includeInIndex = 0; path = schoolFinder.app; sourceTree = BUILT_PRODUCTS_DIR; };
		3191A7A21C69771D00165E34 /* AppDelegate.swift */ = {isa = PBXFileReference; lastKnownFileType = sourcecode.swift; path = AppDelegate.swift; sourceTree = "<group>"; };
		3191A7A91C69771D00165E34 /* Assets.xcassets */ = {isa = PBXFileReference; lastKnownFileType = folder.assetcatalog; path = Assets.xcassets; sourceTree = "<group>"; };
		3191A7AC1C69771D00165E34 /* Base */ = {isa = PBXFileReference; lastKnownFileType = file.storyboard; name = Base; path = Base.lproj/LaunchScreen.storyboard; sourceTree = "<group>"; };
		3191A7AE1C69771D00165E34 /* Info.plist */ = {isa = PBXFileReference; lastKnownFileType = text.plist.xml; path = Info.plist; sourceTree = "<group>"; };
		3191A7B31C69771D00165E34 /* schoolFinderTests.xctest */ = {isa = PBXFileReference; explicitFileType = wrapper.cfbundle; includeInIndex = 0; path = schoolFinderTests.xctest; sourceTree = BUILT_PRODUCTS_DIR; };
		3191A7B71C69771D00165E34 /* schoolFinderTests.swift */ = {isa = PBXFileReference; lastKnownFileType = sourcecode.swift; path = schoolFinderTests.swift; sourceTree = "<group>"; };
		3191A7B91C69771D00165E34 /* Info.plist */ = {isa = PBXFileReference; lastKnownFileType = text.plist.xml; path = Info.plist; sourceTree = "<group>"; };
		3191A7BE1C69771D00165E34 /* schoolFinderUITests.xctest */ = {isa = PBXFileReference; explicitFileType = wrapper.cfbundle; includeInIndex = 0; path = schoolFinderUITests.xctest; sourceTree = BUILT_PRODUCTS_DIR; };
		3191A7C21C69771D00165E34 /* schoolFinderUITests.swift */ = {isa = PBXFileReference; lastKnownFileType = sourcecode.swift; path = schoolFinderUITests.swift; sourceTree = "<group>"; };
		3191A7C41C69771D00165E34 /* Info.plist */ = {isa = PBXFileReference; lastKnownFileType = text.plist.xml; path = Info.plist; sourceTree = "<group>"; };
		3191A7D01C69775700165E34 /* Podfile */ = {isa = PBXFileReference; fileEncoding = 4; lastKnownFileType = text; path = Podfile; sourceTree = "<group>"; xcLanguageSpecificationIdentifier = xcode.lang.ruby; };
		3191A7D21C69790600165E34 /* SavedVC.swift */ = {isa = PBXFileReference; fileEncoding = 4; lastKnownFileType = sourcecode.swift; path = SavedVC.swift; sourceTree = "<group>"; };
		3191A7D41C69796D00165E34 /* BrowseVC.swift */ = {isa = PBXFileReference; fileEncoding = 4; lastKnownFileType = sourcecode.swift; path = BrowseVC.swift; sourceTree = "<group>"; };
		3191A7D61C697E0100165E34 /* DataManager.swift */ = {isa = PBXFileReference; fileEncoding = 4; lastKnownFileType = sourcecode.swift; path = DataManager.swift; sourceTree = "<group>"; };
		3191A7DA1C697FD700165E34 /* .gitignore */ = {isa = PBXFileReference; fileEncoding = 4; lastKnownFileType = text; path = .gitignore; sourceTree = "<group>"; };
		3191A7DE1C6980B100165E34 /* DataResponse.swift */ = {isa = PBXFileReference; fileEncoding = 4; lastKnownFileType = sourcecode.swift; path = DataResponse.swift; sourceTree = "<group>"; };
		3191A7E91C6D4E9100165E34 /* DataFields.swift */ = {isa = PBXFileReference; fileEncoding = 4; lastKnownFileType = sourcecode.swift; path = DataFields.swift; sourceTree = "<group>"; };
		3191A7EB1C6D569D00165E34 /* Error.swift */ = {isa = PBXFileReference; fileEncoding = 4; lastKnownFileType = sourcecode.swift; path = Error.swift; sourceTree = "<group>"; };
		3191A7ED1C6E8D2F00165E34 /* Result.swift */ = {isa = PBXFileReference; fileEncoding = 4; lastKnownFileType = sourcecode.swift; path = Result.swift; sourceTree = "<group>"; };
		3191A7EF1C6E8F7100165E34 /* SearchVC.swift */ = {isa = PBXFileReference; fileEncoding = 4; lastKnownFileType = sourcecode.swift; path = SearchVC.swift; sourceTree = "<group>"; };
		3191A7F11C6E910800165E34 /* SettingsVC.swift */ = {isa = PBXFileReference; fileEncoding = 4; lastKnownFileType = sourcecode.swift; path = SettingsVC.swift; sourceTree = "<group>"; };
		3191A7F31C6E94A700165E34 /* SearchMenuVC.swift */ = {isa = PBXFileReference; fileEncoding = 4; lastKnownFileType = sourcecode.swift; path = SearchMenuVC.swift; sourceTree = "<group>"; };
		3191A7F61C6E9A1C00165E34 /* SchoolNode.swift */ = {isa = PBXFileReference; fileEncoding = 4; lastKnownFileType = sourcecode.swift; path = SchoolNode.swift; sourceTree = "<group>"; };
		3191A7F81C6E9C6C00165E34 /* OptionsSettings.swift */ = {isa = PBXFileReference; fileEncoding = 4; lastKnownFileType = sourcecode.swift; path = OptionsSettings.swift; sourceTree = "<group>"; };
		3191A7FA1C6ECB5B00165E34 /* QueryVC.swift */ = {isa = PBXFileReference; fileEncoding = 4; lastKnownFileType = sourcecode.swift; path = QueryVC.swift; sourceTree = "<group>"; };
		8FAB20622ED7B22A7F5583E4 /* Pods_schoolFinder.framework */ = {isa = PBXFileReference; explicitFileType = wrapper.framework; includeInIndex = 0; path = Pods_schoolFinder.framework; sourceTree = BUILT_PRODUCTS_DIR; };
		D79FE81F7685EB27FFC511BA /* Pods-schoolFinder.release.xcconfig */ = {isa = PBXFileReference; includeInIndex = 1; lastKnownFileType = text.xcconfig; name = "Pods-schoolFinder.release.xcconfig"; path = "Pods/Target Support Files/Pods-schoolFinder/Pods-schoolFinder.release.xcconfig"; sourceTree = "<group>"; };
/* End PBXFileReference section */

/* Begin PBXFrameworksBuildPhase section */
		3191A79C1C69771D00165E34 /* Frameworks */ = {
			isa = PBXFrameworksBuildPhase;
			buildActionMask = 2147483647;
			files = (
				D32828A38C6AEEF2955884FE /* Pods_schoolFinder.framework in Frameworks */,
			);
			runOnlyForDeploymentPostprocessing = 0;
		};
		3191A7B01C69771D00165E34 /* Frameworks */ = {
			isa = PBXFrameworksBuildPhase;
			buildActionMask = 2147483647;
			files = (
			);
			runOnlyForDeploymentPostprocessing = 0;
		};
		3191A7BB1C69771D00165E34 /* Frameworks */ = {
			isa = PBXFrameworksBuildPhase;
			buildActionMask = 2147483647;
			files = (
			);
			runOnlyForDeploymentPostprocessing = 0;
		};
/* End PBXFrameworksBuildPhase section */

/* Begin PBXGroup section */
		1BCEEA4380884D2DD37928B7 /* Frameworks */ = {
			isa = PBXGroup;
			children = (
				8FAB20622ED7B22A7F5583E4 /* Pods_schoolFinder.framework */,
			);
			name = Frameworks;
			sourceTree = "<group>";
		};
		312EB4F41C6F9C4800426543 /* Helpers */ = {
			isa = PBXGroup;
			children = (
				3191A7D61C697E0100165E34 /* DataManager.swift */,
				3191A7E91C6D4E9100165E34 /* DataFields.swift */,
				3191A7F81C6E9C6C00165E34 /* OptionsSettings.swift */,
				312EB4F51C6F9C5700426543 /* MessageHelper.swift */,
				312EB50E1C74EA7E00426543 /* FieldsTransforms.swift */,
				312EB5231C7BBAB100426543 /* NetConnectedness.swift */,
			);
			name = Helpers;
			sourceTree = "<group>";
		};
		312EB5091C74CC9B00426543 /* SubclassedUI */ = {
			isa = PBXGroup;
			children = (
				3191A7F61C6E9A1C00165E34 /* SchoolNode.swift */,
				312EB5101C75178900426543 /* JYTextCellNode.swift */,
				312EB5071C74CC9700426543 /* ProfileDataCellNode.swift */,
			);
			name = SubclassedUI;
			sourceTree = "<group>";
		};
		312EB51C1C77692200426543 /* Query-Related */ = {
			isa = PBXGroup;
			children = (
				312EB5031C7386D600426543 /* QueryResponse.swift */,
				312EB5051C7386EA00426543 /* QueryResult.swift */,
				312EB4F91C70D6F300426543 /* SchoolViewModel.swift */,
			);
			name = "Query-Related";
			sourceTree = "<group>";
		};
		312EB51D1C77692E00426543 /* Profile-Related */ = {
			isa = PBXGroup;
			children = (
				3191A7DE1C6980B100165E34 /* DataResponse.swift */,
				3191A7EB1C6D569D00165E34 /* Error.swift */,
				3191A7ED1C6E8D2F00165E34 /* Result.swift */,
			);
			name = "Profile-Related";
			sourceTree = "<group>";
		};
		312EB5201C77811F00426543 /* TabbedControllers */ = {
			isa = PBXGroup;
			children = (
				3191A7D41C69796D00165E34 /* BrowseVC.swift */,
				3191A7F31C6E94A700165E34 /* SearchMenuVC.swift */,
				3191A7D21C69790600165E34 /* SavedVC.swift */,
				3191A7F11C6E910800165E34 /* SettingsVC.swift */,
			);
			name = TabbedControllers;
			sourceTree = "<group>";
		};
		3191A7961C69771D00165E34 = {
			isa = PBXGroup;
			children = (
				3191A7DA1C697FD700165E34 /* .gitignore */,
				3191A7D01C69775700165E34 /* Podfile */,
				3191A7A11C69771D00165E34 /* schoolFinder */,
				3191A7B61C69771D00165E34 /* schoolFinderTests */,
				3191A7C11C69771D00165E34 /* schoolFinderUITests */,
				3191A7A01C69771D00165E34 /* Products */,
				3F0DF2B5338B188B4FB61FB6 /* Pods */,
				1BCEEA4380884D2DD37928B7 /* Frameworks */,
			);
			sourceTree = "<group>";
		};
		3191A7A01C69771D00165E34 /* Products */ = {
			isa = PBXGroup;
			children = (
				3191A79F1C69771D00165E34 /* schoolFinder.app */,
				3191A7B31C69771D00165E34 /* schoolFinderTests.xctest */,
				3191A7BE1C69771D00165E34 /* schoolFinderUITests.xctest */,
			);
			name = Products;
			sourceTree = "<group>";
		};
		3191A7A11C69771D00165E34 /* schoolFinder */ = {
			isa = PBXGroup;
			children = (
				3191A7A21C69771D00165E34 /* AppDelegate.swift */,
				312EB5161C775F9900426543 /* SearchPassbackProtocol.swift */,
				312EB5181C77655700426543 /* SaveCollegeActivity.swift */,
				312EB5091C74CC9B00426543 /* SubclassedUI */,
				312EB4F41C6F9C4800426543 /* Helpers */,
				3191A7DC1C69803700165E34 /* Data */,
				3191A7DD1C69803E00165E34 /* ViewControllers */,
				3191A7A91C69771D00165E34 /* Assets.xcassets */,
				3191A7AB1C69771D00165E34 /* LaunchScreen.storyboard */,
				3191A7AE1C69771D00165E34 /* Info.plist */,
			);
			path = schoolFinder;
			sourceTree = "<group>";
		};
		3191A7B61C69771D00165E34 /* schoolFinderTests */ = {
			isa = PBXGroup;
			children = (
				3191A7B71C69771D00165E34 /* schoolFinderTests.swift */,
				3191A7B91C69771D00165E34 /* Info.plist */,
			);
			path = schoolFinderTests;
			sourceTree = "<group>";
		};
		3191A7C11C69771D00165E34 /* schoolFinderUITests */ = {
			isa = PBXGroup;
			children = (
				3191A7C21C69771D00165E34 /* schoolFinderUITests.swift */,
				3191A7C41C69771D00165E34 /* Info.plist */,
			);
			path = schoolFinderUITests;
			sourceTree = "<group>";
		};
		3191A7DC1C69803700165E34 /* Data */ = {
			isa = PBXGroup;
			children = (
				312EB51C1C77692200426543 /* Query-Related */,
				312EB51D1C77692E00426543 /* Profile-Related */,
			);
			name = Data;
			sourceTree = "<group>";
		};
		3191A7DD1C69803E00165E34 /* ViewControllers */ = {
			isa = PBXGroup;
			children = (
				312EB5201C77811F00426543 /* TabbedControllers */,
				312EB4FB1C72654C00426543 /* SchoolVC.swift */,
				312EB4FF1C7376FB00426543 /* SchoolVC-Data.swift */,
				312EB5011C73770500426543 /* SchoolVC-Table.swift */,
				3191A7FA1C6ECB5B00165E34 /* QueryVC.swift */,
				3191A7F51C6E94AC00165E34 /* SubViewControllers */,
			);
			name = ViewControllers;
			sourceTree = "<group>";
		};
		3191A7F51C6E94AC00165E34 /* SubViewControllers */ = {
			isa = PBXGroup;
			children = (
				3191A7EF1C6E8F7100165E34 /* SearchVC.swift */,
			);
			name = SubViewControllers;
			sourceTree = "<group>";
		};
		3F0DF2B5338B188B4FB61FB6 /* Pods */ = {
			isa = PBXGroup;
			children = (
				0EED117D35B1A3DCC19EAC8F /* Pods-schoolFinder.debug.xcconfig */,
				D79FE81F7685EB27FFC511BA /* Pods-schoolFinder.release.xcconfig */,
			);
			name = Pods;
			sourceTree = "<group>";
		};
/* End PBXGroup section */

/* Begin PBXNativeTarget section */
		3191A79E1C69771D00165E34 /* schoolFinder */ = {
			isa = PBXNativeTarget;
			buildConfigurationList = 3191A7C71C69771D00165E34 /* Build configuration list for PBXNativeTarget "schoolFinder" */;
			buildPhases = (
				6A7E294069B0C2119BEDF49C /* Check Pods Manifest.lock */,
				3191A79B1C69771D00165E34 /* Sources */,
				3191A79C1C69771D00165E34 /* Frameworks */,
				3191A79D1C69771D00165E34 /* Resources */,
				B9CA8BBC1865A2DBB1DA1433 /* Embed Pods Frameworks */,
				A7B84E79F5C9771790F627F8 /* Copy Pods Resources */,
			);
			buildRules = (
			);
			dependencies = (
			);
			name = schoolFinder;
			productName = schoolFinder;
			productReference = 3191A79F1C69771D00165E34 /* schoolFinder.app */;
			productType = "com.apple.product-type.application";
		};
		3191A7B21C69771D00165E34 /* schoolFinderTests */ = {
			isa = PBXNativeTarget;
			buildConfigurationList = 3191A7CA1C69771D00165E34 /* Build configuration list for PBXNativeTarget "schoolFinderTests" */;
			buildPhases = (
				3191A7AF1C69771D00165E34 /* Sources */,
				3191A7B01C69771D00165E34 /* Frameworks */,
				3191A7B11C69771D00165E34 /* Resources */,
			);
			buildRules = (
			);
			dependencies = (
				3191A7B51C69771D00165E34 /* PBXTargetDependency */,
			);
			name = schoolFinderTests;
			productName = schoolFinderTests;
			productReference = 3191A7B31C69771D00165E34 /* schoolFinderTests.xctest */;
			productType = "com.apple.product-type.bundle.unit-test";
		};
		3191A7BD1C69771D00165E34 /* schoolFinderUITests */ = {
			isa = PBXNativeTarget;
			buildConfigurationList = 3191A7CD1C69771D00165E34 /* Build configuration list for PBXNativeTarget "schoolFinderUITests" */;
			buildPhases = (
				3191A7BA1C69771D00165E34 /* Sources */,
				3191A7BB1C69771D00165E34 /* Frameworks */,
				3191A7BC1C69771D00165E34 /* Resources */,
			);
			buildRules = (
			);
			dependencies = (
				3191A7C01C69771D00165E34 /* PBXTargetDependency */,
			);
			name = schoolFinderUITests;
			productName = schoolFinderUITests;
			productReference = 3191A7BE1C69771D00165E34 /* schoolFinderUITests.xctest */;
			productType = "com.apple.product-type.bundle.ui-testing";
		};
/* End PBXNativeTarget section */

/* Begin PBXProject section */
		3191A7971C69771D00165E34 /* Project object */ = {
			isa = PBXProject;
			attributes = {
				LastSwiftUpdateCheck = 0720;
				LastUpgradeCheck = 0720;
				ORGANIZATIONNAME = "Jonathan Yu";
				TargetAttributes = {
					3191A79E1C69771D00165E34 = {
						CreatedOnToolsVersion = 7.2.1;
					};
					3191A7B21C69771D00165E34 = {
						CreatedOnToolsVersion = 7.2.1;
						TestTargetID = 3191A79E1C69771D00165E34;
					};
					3191A7BD1C69771D00165E34 = {
						CreatedOnToolsVersion = 7.2.1;
						TestTargetID = 3191A79E1C69771D00165E34;
					};
				};
			};
			buildConfigurationList = 3191A79A1C69771D00165E34 /* Build configuration list for PBXProject "schoolFinder" */;
			compatibilityVersion = "Xcode 3.2";
			developmentRegion = English;
			hasScannedForEncodings = 0;
			knownRegions = (
				en,
				Base,
			);
			mainGroup = 3191A7961C69771D00165E34;
			productRefGroup = 3191A7A01C69771D00165E34 /* Products */;
			projectDirPath = "";
			projectRoot = "";
			targets = (
				3191A79E1C69771D00165E34 /* schoolFinder */,
				3191A7B21C69771D00165E34 /* schoolFinderTests */,
				3191A7BD1C69771D00165E34 /* schoolFinderUITests */,
			);
		};
/* End PBXProject section */

/* Begin PBXResourcesBuildPhase section */
		3191A79D1C69771D00165E34 /* Resources */ = {
			isa = PBXResourcesBuildPhase;
			buildActionMask = 2147483647;
			files = (
				3191A7DB1C697FD700165E34 /* .gitignore in Resources */,
				3191A7AD1C69771D00165E34 /* LaunchScreen.storyboard in Resources */,
				3191A7AA1C69771D00165E34 /* Assets.xcassets in Resources */,
				3191A7D11C69775700165E34 /* Podfile in Resources */,
			);
			runOnlyForDeploymentPostprocessing = 0;
		};
		3191A7B11C69771D00165E34 /* Resources */ = {
			isa = PBXResourcesBuildPhase;
			buildActionMask = 2147483647;
			files = (
			);
			runOnlyForDeploymentPostprocessing = 0;
		};
		3191A7BC1C69771D00165E34 /* Resources */ = {
			isa = PBXResourcesBuildPhase;
			buildActionMask = 2147483647;
			files = (
			);
			runOnlyForDeploymentPostprocessing = 0;
		};
/* End PBXResourcesBuildPhase section */

/* Begin PBXShellScriptBuildPhase section */
		6A7E294069B0C2119BEDF49C /* Check Pods Manifest.lock */ = {
			isa = PBXShellScriptBuildPhase;
			buildActionMask = 2147483647;
			files = (
			);
			inputPaths = (
			);
			name = "Check Pods Manifest.lock";
			outputPaths = (
			);
			runOnlyForDeploymentPostprocessing = 0;
			shellPath = /bin/sh;
			shellScript = "diff \"${PODS_ROOT}/../Podfile.lock\" \"${PODS_ROOT}/Manifest.lock\" > /dev/null\nif [[ $? != 0 ]] ; then\n    cat << EOM\nerror: The sandbox is not in sync with the Podfile.lock. Run 'pod install' or update your CocoaPods installation.\nEOM\n    exit 1\nfi\n";
			showEnvVarsInLog = 0;
		};
		A7B84E79F5C9771790F627F8 /* Copy Pods Resources */ = {
			isa = PBXShellScriptBuildPhase;
			buildActionMask = 2147483647;
			files = (
			);
			inputPaths = (
			);
			name = "Copy Pods Resources";
			outputPaths = (
			);
			runOnlyForDeploymentPostprocessing = 0;
			shellPath = /bin/sh;
			shellScript = "\"${SRCROOT}/Pods/Target Support Files/Pods-schoolFinder/Pods-schoolFinder-resources.sh\"\n";
			showEnvVarsInLog = 0;
		};
		B9CA8BBC1865A2DBB1DA1433 /* Embed Pods Frameworks */ = {
			isa = PBXShellScriptBuildPhase;
			buildActionMask = 2147483647;
			files = (
			);
			inputPaths = (
			);
			name = "Embed Pods Frameworks";
			outputPaths = (
			);
			runOnlyForDeploymentPostprocessing = 0;
			shellPath = /bin/sh;
			shellScript = "\"${SRCROOT}/Pods/Target Support Files/Pods-schoolFinder/Pods-schoolFinder-frameworks.sh\"\n";
			showEnvVarsInLog = 0;
		};
/* End PBXShellScriptBuildPhase section */

/* Begin PBXSourcesBuildPhase section */
		3191A79B1C69771D00165E34 /* Sources */ = {
			isa = PBXSourcesBuildPhase;
			buildActionMask = 2147483647;
			files = (
				312EB5001C7376FB00426543 /* SchoolVC-Data.swift in Sources */,
				3191A7F21C6E910800165E34 /* SettingsVC.swift in Sources */,
				3191A7EE1C6E8D2F00165E34 /* Result.swift in Sources */,
				3191A7F41C6E94A700165E34 /* SearchMenuVC.swift in Sources */,
				3191A7EC1C6D569D00165E34 /* Error.swift in Sources */,
				312EB4FA1C70D6F300426543 /* SchoolViewModel.swift in Sources */,
				312EB4F61C6F9C5700426543 /* MessageHelper.swift in Sources */,
				312EB50F1C74EA7E00426543 /* FieldsTransforms.swift in Sources */,
				3191A7F91C6E9C6C00165E34 /* OptionsSettings.swift in Sources */,
				3191A7D31C69790600165E34 /* SavedVC.swift in Sources */,
				3191A7F71C6E9A1C00165E34 /* SchoolNode.swift in Sources */,
				312EB5171C775F9900426543 /* SearchPassbackProtocol.swift in Sources */,
				3191A7EA1C6D4E9100165E34 /* DataFields.swift in Sources */,
				312EB5081C74CC9700426543 /* ProfileDataCellNode.swift in Sources */,
				312EB5111C75178900426543 /* JYTextCellNode.swift in Sources */,
				312EB5041C7386D600426543 /* QueryResponse.swift in Sources */,
				312EB5191C77655700426543 /* SaveCollegeActivity.swift in Sources */,
				312EB4FC1C72654C00426543 /* SchoolVC.swift in Sources */,
				3191A7D71C697E0100165E34 /* DataManager.swift in Sources */,
				3191A7F01C6E8F7100165E34 /* SearchVC.swift in Sources */,
				312EB5061C7386EA00426543 /* QueryResult.swift in Sources */,
				3191A7D51C69796D00165E34 /* BrowseVC.swift in Sources */,
				3191A7A31C69771D00165E34 /* AppDelegate.swift in Sources */,
				312EB5241C7BBAB100426543 /* NetConnectedness.swift in Sources */,
				312EB5021C73770500426543 /* SchoolVC-Table.swift in Sources */,
				3191A7DF1C6980B100165E34 /* DataResponse.swift in Sources */,
				3191A7FB1C6ECB5B00165E34 /* QueryVC.swift in Sources */,
			);
			runOnlyForDeploymentPostprocessing = 0;
		};
		3191A7AF1C69771D00165E34 /* Sources */ = {
			isa = PBXSourcesBuildPhase;
			buildActionMask = 2147483647;
			files = (
				3191A7B81C69771D00165E34 /* schoolFinderTests.swift in Sources */,
			);
			runOnlyForDeploymentPostprocessing = 0;
		};
		3191A7BA1C69771D00165E34 /* Sources */ = {
			isa = PBXSourcesBuildPhase;
			buildActionMask = 2147483647;
			files = (
				3191A7C31C69771D00165E34 /* schoolFinderUITests.swift in Sources */,
			);
			runOnlyForDeploymentPostprocessing = 0;
		};
/* End PBXSourcesBuildPhase section */

/* Begin PBXTargetDependency section */
		3191A7B51C69771D00165E34 /* PBXTargetDependency */ = {
			isa = PBXTargetDependency;
			target = 3191A79E1C69771D00165E34 /* schoolFinder */;
			targetProxy = 3191A7B41C69771D00165E34 /* PBXContainerItemProxy */;
		};
		3191A7C01C69771D00165E34 /* PBXTargetDependency */ = {
			isa = PBXTargetDependency;
			target = 3191A79E1C69771D00165E34 /* schoolFinder */;
			targetProxy = 3191A7BF1C69771D00165E34 /* PBXContainerItemProxy */;
		};
/* End PBXTargetDependency section */

/* Begin PBXVariantGroup section */
		3191A7AB1C69771D00165E34 /* LaunchScreen.storyboard */ = {
			isa = PBXVariantGroup;
			children = (
				3191A7AC1C69771D00165E34 /* Base */,
			);
			name = LaunchScreen.storyboard;
			sourceTree = "<group>";
		};
/* End PBXVariantGroup section */

/* Begin XCBuildConfiguration section */
		3191A7C51C69771D00165E34 /* Debug */ = {
			isa = XCBuildConfiguration;
			buildSettings = {
				ALWAYS_SEARCH_USER_PATHS = NO;
				CLANG_CXX_LANGUAGE_STANDARD = "gnu++0x";
				CLANG_CXX_LIBRARY = "libc++";
				CLANG_ENABLE_MODULES = YES;
				CLANG_ENABLE_OBJC_ARC = YES;
				CLANG_WARN_BOOL_CONVERSION = YES;
				CLANG_WARN_CONSTANT_CONVERSION = YES;
				CLANG_WARN_DIRECT_OBJC_ISA_USAGE = YES_ERROR;
				CLANG_WARN_EMPTY_BODY = YES;
				CLANG_WARN_ENUM_CONVERSION = YES;
				CLANG_WARN_INT_CONVERSION = YES;
				CLANG_WARN_OBJC_ROOT_CLASS = YES_ERROR;
				CLANG_WARN_UNREACHABLE_CODE = YES;
				CLANG_WARN__DUPLICATE_METHOD_MATCH = YES;
				"CODE_SIGN_IDENTITY[sdk=iphoneos*]" = "iPhone Developer";
				COPY_PHASE_STRIP = NO;
				DEBUG_INFORMATION_FORMAT = dwarf;
				ENABLE_STRICT_OBJC_MSGSEND = YES;
				ENABLE_TESTABILITY = YES;
				GCC_C_LANGUAGE_STANDARD = gnu99;
				GCC_DYNAMIC_NO_PIC = NO;
				GCC_NO_COMMON_BLOCKS = YES;
				GCC_OPTIMIZATION_LEVEL = 0;
				GCC_PREPROCESSOR_DEFINITIONS = (
					"DEBUG=1",
					"$(inherited)",
				);
				GCC_WARN_64_TO_32_BIT_CONVERSION = YES;
				GCC_WARN_ABOUT_RETURN_TYPE = YES_ERROR;
				GCC_WARN_UNDECLARED_SELECTOR = YES;
				GCC_WARN_UNINITIALIZED_AUTOS = YES_AGGRESSIVE;
				GCC_WARN_UNUSED_FUNCTION = YES;
				GCC_WARN_UNUSED_VARIABLE = YES;
				IPHONEOS_DEPLOYMENT_TARGET = 9.2;
				MTL_ENABLE_DEBUG_INFO = YES;
				ONLY_ACTIVE_ARCH = YES;
				SDKROOT = iphoneos;
				SWIFT_OPTIMIZATION_LEVEL = "-Onone";
				TARGETED_DEVICE_FAMILY = "1,2";
			};
			name = Debug;
		};
		3191A7C61C69771D00165E34 /* Release */ = {
			isa = XCBuildConfiguration;
			buildSettings = {
				ALWAYS_SEARCH_USER_PATHS = NO;
				CLANG_CXX_LANGUAGE_STANDARD = "gnu++0x";
				CLANG_CXX_LIBRARY = "libc++";
				CLANG_ENABLE_MODULES = YES;
				CLANG_ENABLE_OBJC_ARC = YES;
				CLANG_WARN_BOOL_CONVERSION = YES;
				CLANG_WARN_CONSTANT_CONVERSION = YES;
				CLANG_WARN_DIRECT_OBJC_ISA_USAGE = YES_ERROR;
				CLANG_WARN_EMPTY_BODY = YES;
				CLANG_WARN_ENUM_CONVERSION = YES;
				CLANG_WARN_INT_CONVERSION = YES;
				CLANG_WARN_OBJC_ROOT_CLASS = YES_ERROR;
				CLANG_WARN_UNREACHABLE_CODE = YES;
				CLANG_WARN__DUPLICATE_METHOD_MATCH = YES;
				"CODE_SIGN_IDENTITY[sdk=iphoneos*]" = "iPhone Developer";
				COPY_PHASE_STRIP = NO;
				DEBUG_INFORMATION_FORMAT = "dwarf-with-dsym";
				ENABLE_NS_ASSERTIONS = NO;
				ENABLE_STRICT_OBJC_MSGSEND = YES;
				GCC_C_LANGUAGE_STANDARD = gnu99;
				GCC_NO_COMMON_BLOCKS = YES;
				GCC_WARN_64_TO_32_BIT_CONVERSION = YES;
				GCC_WARN_ABOUT_RETURN_TYPE = YES_ERROR;
				GCC_WARN_UNDECLARED_SELECTOR = YES;
				GCC_WARN_UNINITIALIZED_AUTOS = YES_AGGRESSIVE;
				GCC_WARN_UNUSED_FUNCTION = YES;
				GCC_WARN_UNUSED_VARIABLE = YES;
				IPHONEOS_DEPLOYMENT_TARGET = 9.2;
				MTL_ENABLE_DEBUG_INFO = NO;
				SDKROOT = iphoneos;
				TARGETED_DEVICE_FAMILY = "1,2";
				VALIDATE_PRODUCT = YES;
			};
			name = Release;
		};
		3191A7C81C69771D00165E34 /* Debug */ = {
			isa = XCBuildConfiguration;
			baseConfigurationReference = 0EED117D35B1A3DCC19EAC8F /* Pods-schoolFinder.debug.xcconfig */;
			buildSettings = {
				ASSETCATALOG_COMPILER_APPICON_NAME = "AppIcon-1";
				INFOPLIST_FILE = schoolFinder/Info.plist;
				LD_RUNPATH_SEARCH_PATHS = "$(inherited) @executable_path/Frameworks";
				PRODUCT_BUNDLE_IDENTIFIER = net.jonathanyu.schoolFinder;
				PRODUCT_NAME = "$(TARGET_NAME)";
			};
			name = Debug;
		};
		3191A7C91C69771D00165E34 /* Release */ = {
			isa = XCBuildConfiguration;
			baseConfigurationReference = D79FE81F7685EB27FFC511BA /* Pods-schoolFinder.release.xcconfig */;
			buildSettings = {
				ASSETCATALOG_COMPILER_APPICON_NAME = "AppIcon-1";
				INFOPLIST_FILE = schoolFinder/Info.plist;
				LD_RUNPATH_SEARCH_PATHS = "$(inherited) @executable_path/Frameworks";
				PRODUCT_BUNDLE_IDENTIFIER = net.jonathanyu.schoolFinder;
				PRODUCT_NAME = "$(TARGET_NAME)";
			};
			name = Release;
		};
		3191A7CB1C69771D00165E34 /* Debug */ = {
			isa = XCBuildConfiguration;
			buildSettings = {
				BUNDLE_LOADER = "$(TEST_HOST)";
				INFOPLIST_FILE = schoolFinderTests/Info.plist;
				LD_RUNPATH_SEARCH_PATHS = "$(inherited) @executable_path/Frameworks @loader_path/Frameworks";
				PRODUCT_BUNDLE_IDENTIFIER = net.jonathanyu.schoolFinderTests;
				PRODUCT_NAME = "$(TARGET_NAME)";
				TEST_HOST = "$(BUILT_PRODUCTS_DIR)/schoolFinder.app/schoolFinder";
			};
			name = Debug;
		};
		3191A7CC1C69771D00165E34 /* Release */ = {
			isa = XCBuildConfiguration;
			buildSettings = {
				BUNDLE_LOADER = "$(TEST_HOST)";
				INFOPLIST_FILE = schoolFinderTests/Info.plist;
				LD_RUNPATH_SEARCH_PATHS = "$(inherited) @executable_path/Frameworks @loader_path/Frameworks";
				PRODUCT_BUNDLE_IDENTIFIER = net.jonathanyu.schoolFinderTests;
				PRODUCT_NAME = "$(TARGET_NAME)";
				TEST_HOST = "$(BUILT_PRODUCTS_DIR)/schoolFinder.app/schoolFinder";
			};
			name = Release;
		};
		3191A7CE1C69771D00165E34 /* Debug */ = {
			isa = XCBuildConfiguration;
			buildSettings = {
				INFOPLIST_FILE = schoolFinderUITests/Info.plist;
				LD_RUNPATH_SEARCH_PATHS = "$(inherited) @executable_path/Frameworks @loader_path/Frameworks";
				PRODUCT_BUNDLE_IDENTIFIER = net.jonathanyu.schoolFinderUITests;
				PRODUCT_NAME = "$(TARGET_NAME)";
				TEST_TARGET_NAME = schoolFinder;
				USES_XCTRUNNER = YES;
			};
			name = Debug;
		};
		3191A7CF1C69771D00165E34 /* Release */ = {
			isa = XCBuildConfiguration;
			buildSettings = {
				INFOPLIST_FILE = schoolFinderUITests/Info.plist;
				LD_RUNPATH_SEARCH_PATHS = "$(inherited) @executable_path/Frameworks @loader_path/Frameworks";
				PRODUCT_BUNDLE_IDENTIFIER = net.jonathanyu.schoolFinderUITests;
				PRODUCT_NAME = "$(TARGET_NAME)";
				TEST_TARGET_NAME = schoolFinder;
				USES_XCTRUNNER = YES;
			};
			name = Release;
		};
/* End XCBuildConfiguration section */

/* Begin XCConfigurationList section */
		3191A79A1C69771D00165E34 /* Build configuration list for PBXProject "schoolFinder" */ = {
			isa = XCConfigurationList;
			buildConfigurations = (
				3191A7C51C69771D00165E34 /* Debug */,
				3191A7C61C69771D00165E34 /* Release */,
			);
			defaultConfigurationIsVisible = 0;
			defaultConfigurationName = Release;
		};
		3191A7C71C69771D00165E34 /* Build configuration list for PBXNativeTarget "schoolFinder" */ = {
			isa = XCConfigurationList;
			buildConfigurations = (
				3191A7C81C69771D00165E34 /* Debug */,
				3191A7C91C69771D00165E34 /* Release */,
			);
			defaultConfigurationIsVisible = 0;
			defaultConfigurationName = Release;
		};
		3191A7CA1C69771D00165E34 /* Build configuration list for PBXNativeTarget "schoolFinderTests" */ = {
			isa = XCConfigurationList;
			buildConfigurations = (
				3191A7CB1C69771D00165E34 /* Debug */,
				3191A7CC1C69771D00165E34 /* Release */,
			);
			defaultConfigurationIsVisible = 0;
			defaultConfigurationName = Release;
		};
		3191A7CD1C69771D00165E34 /* Build configuration list for PBXNativeTarget "schoolFinderUITests" */ = {
			isa = XCConfigurationList;
			buildConfigurations = (
				3191A7CE1C69771D00165E34 /* Debug */,
				3191A7CF1C69771D00165E34 /* Release */,
			);
			defaultConfigurationIsVisible = 0;
			defaultConfigurationName = Release;
		};
/* End XCConfigurationList section */
	};
	rootObject = 3191A7971C69771D00165E34 /* Project object */;
}
